
Microsoft Visual Studio Solution File, Format Version 12.00
# Visual Studio Version 17
VisualStudioVersion = 17.13.35825.156 d17.13
MinimumVisualStudioVersion = 10.0.40219.1
Project("{FAE04EC0-301F-11D3-BF4B-00C04F79EFBC}") = "Account Registration", "Account Registration\Account Registration.csproj", "{3D4CDE5A-4078-4832-B7AA-3C9703335C5E}"
EndProject
Global
	GlobalSection(SolutionConfigurationPlatforms) = preSolution
		Debug|Any CPU = Debug|Any CPU
		Release|Any CPU = Release|Any CPU
	EndGlobalSection
	GlobalSection(ProjectConfigurationPlatforms) = postSolution
		{3D4CDE5A-4078-4832-B7AA-3C9703335C5E}.Debug|Any CPU.ActiveCfg = Debug|Any CPU
		{3D4CDE5A-4078-4832-B7AA-3C9703335C5E}.Debug|Any CPU.Build.0 = Debug|Any CPU
		{3D4CDE5A-4078-4832-B7AA-3C9703335C5E}.Release|Any CPU.ActiveCfg = Release|Any CPU
		{3D4CDE5A-4078-4832-B7AA-3C9703335C5E}.Release|Any CPU.Build.0 = Release|Any CPU
	EndGlobalSection
	GlobalSection(SolutionProperties) = preSolution
		HideSolutionNode = FALSE
	EndGlobalSection
	GlobalSection(ExtensibilityGlobals) = postSolution
		SolutionGuid = {1145B00E-2270-49FC-B9B3-93D893CA7810}
	EndGlobalSection
EndGlobal
